// !$*UTF8*$!
{
	archiveVersion = 1;
	classes = {
	};
	objectVersion = 46;
	objects = {

/* Begin PBXBuildFile section */
		F69511C81CEB252E00140253 /* AppDelegate.swift in Sources */ = {isa = PBXBuildFile; fileRef = F69511C71CEB252E00140253 /* AppDelegate.swift */; };
		F69511CA1CEB252E00140253 /* ViewController.swift in Sources */ = {isa = PBXBuildFile; fileRef = F69511C91CEB252E00140253 /* ViewController.swift */; };
		F69511CD1CEB252E00140253 /* Main.storyboard in Resources */ = {isa = PBXBuildFile; fileRef = F69511CB1CEB252E00140253 /* Main.storyboard */; };
		F69511CF1CEB252E00140253 /* Assets.xcassets in Resources */ = {isa = PBXBuildFile; fileRef = F69511CE1CEB252E00140253 /* Assets.xcassets */; };
		F69511D21CEB252E00140253 /* LaunchScreen.storyboard in Resources */ = {isa = PBXBuildFile; fileRef = F69511D01CEB252E00140253 /* LaunchScreen.storyboard */; };
		F69511DD1CEB252E00140253 /* Cherry_GreetingAppTests.swift in Sources */ = {isa = PBXBuildFile; fileRef = F69511DC1CEB252E00140253 /* Cherry_GreetingAppTests.swift */; };
		F69511E81CEB252E00140253 /* Cherry_GreetingAppUITests.swift in Sources */ = {isa = PBXBuildFile; fileRef = F69511E71CEB252E00140253 /* Cherry_GreetingAppUITests.swift */; };
/* End PBXBuildFile section */

/* Begin PBXContainerItemProxy section */
		F69511D91CEB252E00140253 /* PBXContainerItemProxy */ = {
			isa = PBXContainerItemProxy;
			containerPortal = F69511BC1CEB252E00140253 /* Project object */;
			proxyType = 1;
			remoteGlobalIDString = F69511C31CEB252E00140253;
			remoteInfo = Cherry_GreetingApp;
		};
		F69511E41CEB252E00140253 /* PBXContainerItemProxy */ = {
			isa = PBXContainerItemProxy;
			containerPortal = F69511BC1CEB252E00140253 /* Project object */;
			proxyType = 1;
			remoteGlobalIDString = F69511C31CEB252E00140253;
			remoteInfo = Cherry_GreetingApp;
		};
/* End PBXContainerItemProxy section */

/* Begin PBXFileReference section */
		F69511C41CEB252E00140253 /* Cherry_GreetingApp.app */ = {isa = PBXFileReference; explicitFileType = wrapper.application; includeInIndex = 0; path = Cherry_GreetingApp.app; sourceTree = BUILT_PRODUCTS_DIR; };
		F69511C71CEB252E00140253 /* AppDelegate.swift */ = {isa = PBXFileReference; lastKnownFileType = sourcecode.swift; path = AppDelegate.swift; sourceTree = "<group>"; };
		F69511C91CEB252E00140253 /* ViewController.swift */ = {isa = PBXFileReference; lastKnownFileType = sourcecode.swift; path = ViewController.swift; sourceTree = "<group>"; };
		F69511CC1CEB252E00140253 /* Base */ = {isa = PBXFileReference; lastKnownFileType = file.storyboard; name = Base; path = Base.lproj/Main.storyboard; sourceTree = "<group>"; };
		F69511CE1CEB252E00140253 /* Assets.xcassets */ = {isa = PBXFileReference; lastKnownFileType = folder.assetcatalog; path = Assets.xcassets; sourceTree = "<group>"; };
		F69511D11CEB252E00140253 /* Base */ = {isa = PBXFileReference; lastKnownFileType = file.storyboard; name = Base; path = Base.lproj/LaunchScreen.storyboard; sourceTree = "<group>"; };
		F69511D31CEB252E00140253 /* Info.plist */ = {isa = PBXFileReference; lastKnownFileType = text.plist.xml; path = Info.plist; sourceTree = "<group>"; };
		F69511D81CEB252E00140253 /* Cherry_GreetingAppTests.xctest */ = {isa = PBXFileReference; explicitFileType = wrapper.cfbundle; includeInIndex = 0; path = Cherry_GreetingAppTests.xctest; sourceTree = BUILT_PRODUCTS_DIR; };
		F69511DC1CEB252E00140253 /* Cherry_GreetingAppTests.swift */ = {isa = PBXFileReference; lastKnownFileType = sourcecode.swift; path = Cherry_GreetingAppTests.swift; sourceTree = "<group>"; };
		F69511DE1CEB252E00140253 /* Info.plist */ = {isa = PBXFileReference; lastKnownFileType = text.plist.xml; path = Info.plist; sourceTree = "<group>"; };
		F69511E31CEB252E00140253 /* Cherry_GreetingAppUITests.xctest */ = {isa = PBXFileReference; explicitFileType = wrapper.cfbundle; includeInIndex = 0; path = Cherry_GreetingAppUITests.xctest; sourceTree = BUILT_PRODUCTS_DIR; };
		F69511E71CEB252E00140253 /* Cherry_GreetingAppUITests.swift */ = {isa = PBXFileReference; lastKnownFileType = sourcecode.swift; path = Cherry_GreetingAppUITests.swift; sourceTree = "<group>"; };
		F69511E91CEB252E00140253 /* Info.plist */ = {isa = PBXFileReference; lastKnownFileType = text.plist.xml; path = Info.plist; sourceTree = "<group>"; };
/* End PBXFileReference section */

/* Begin PBXFrameworksBuildPhase section */
		F69511C11CEB252E00140253 /* Frameworks */ = {
			isa = PBXFrameworksBuildPhase;
			buildActionMask = 2147483647;
			files = (
			);
			runOnlyForDeploymentPostprocessing = 0;
		};
		F69511D51CEB252E00140253 /* Frameworks */ = {
			isa = PBXFrameworksBuildPhase;
			buildActionMask = 2147483647;
			files = (
			);
			runOnlyForDeploymentPostprocessing = 0;
		};
		F69511E01CEB252E00140253 /* Frameworks */ = {
			isa = PBXFrameworksBuildPhase;
			buildActionMask = 2147483647;
			files = (
			);
			runOnlyForDeploymentPostprocessing = 0;
		};
/* End PBXFrameworksBuildPhase section */

/* Begin PBXGroup section */
		F69511BB1CEB252E00140253 = {
			isa = PBXGroup;
			children = (
				F69511C61CEB252E00140253 /* Cherry_GreetingApp */,
				F69511DB1CEB252E00140253 /* Cherry_GreetingAppTests */,
				F69511E61CEB252E00140253 /* Cherry_GreetingAppUITests */,
				F69511C51CEB252E00140253 /* Products */,
			);
			sourceTree = "<group>";
		};
		F69511C51CEB252E00140253 /* Products */ = {
			isa = PBXGroup;
			children = (
				F69511C41CEB252E00140253 /* Cherry_GreetingApp.app */,
				F69511D81CEB252E00140253 /* Cherry_GreetingAppTests.xctest */,
				F69511E31CEB252E00140253 /* Cherry_GreetingAppUITests.xctest */,
			);
			name = Products;
			sourceTree = "<group>";
		};
		F69511C61CEB252E00140253 /* Cherry_GreetingApp */ = {
			isa = PBXGroup;
			children = (
				F69511C71CEB252E00140253 /* AppDelegate.swift */,
				F69511C91CEB252E00140253 /* ViewController.swift */,
				F69511CB1CEB252E00140253 /* Main.storyboard */,
				F69511CE1CEB252E00140253 /* Assets.xcassets */,
				F69511D01CEB252E00140253 /* LaunchScreen.storyboard */,
				F69511D31CEB252E00140253 /* Info.plist */,
			);
			path = Cherry_GreetingApp;
			sourceTree = "<group>";
		};
		F69511DB1CEB252E00140253 /* Cherry_GreetingAppTests */ = {
			isa = PBXGroup;
			children = (
				F69511DC1CEB252E00140253 /* Cherry_GreetingAppTests.swift */,
				F69511DE1CEB252E00140253 /* Info.plist */,
			);
			path = Cherry_GreetingAppTests;
			sourceTree = "<group>";
		};
		F69511E61CEB252E00140253 /* Cherry_GreetingAppUITests */ = {
			isa = PBXGroup;
			children = (
				F69511E71CEB252E00140253 /* Cherry_GreetingAppUITests.swift */,
				F69511E91CEB252E00140253 /* Info.plist */,
			);
			path = Cherry_GreetingAppUITests;
			sourceTree = "<group>";
		};
/* End PBXGroup section */

/* Begin PBXNativeTarget section */
		F69511C31CEB252E00140253 /* Cherry_GreetingApp */ = {
			isa = PBXNativeTarget;
			buildConfigurationList = F69511EC1CEB252E00140253 /* Build configuration list for PBXNativeTarget "Cherry_GreetingApp" */;
			buildPhases = (
				F69511C01CEB252E00140253 /* Sources */,
				F69511C11CEB252E00140253 /* Frameworks */,
				F69511C21CEB252E00140253 /* Resources */,
			);
			buildRules = (
			);
			dependencies = (
			);
			name = Cherry_GreetingApp;
			productName = Cherry_GreetingApp;
			productReference = F69511C41CEB252E00140253 /* Cherry_GreetingApp.app */;
			productType = "com.apple.product-type.application";
		};
		F69511D71CEB252E00140253 /* Cherry_GreetingAppTests */ = {
			isa = PBXNativeTarget;
			buildConfigurationList = F69511EF1CEB252E00140253 /* Build configuration list for PBXNativeTarget "Cherry_GreetingAppTests" */;
			buildPhases = (
				F69511D41CEB252E00140253 /* Sources */,
				F69511D51CEB252E00140253 /* Frameworks */,
				F69511D61CEB252E00140253 /* Resources */,
			);
			buildRules = (
			);
			dependencies = (
				F69511DA1CEB252E00140253 /* PBXTargetDependency */,
			);
			name = Cherry_GreetingAppTests;
			productName = Cherry_GreetingAppTests;
			productReference = F69511D81CEB252E00140253 /* Cherry_GreetingAppTests.xctest */;
			productType = "com.apple.product-type.bundle.unit-test";
		};
		F69511E21CEB252E00140253 /* Cherry_GreetingAppUITests */ = {
			isa = PBXNativeTarget;
			buildConfigurationList = F69511F21CEB252E00140253 /* Build configuration list for PBXNativeTarget "Cherry_GreetingAppUITests" */;
			buildPhases = (
				F69511DF1CEB252E00140253 /* Sources */,
				F69511E01CEB252E00140253 /* Frameworks */,
				F69511E11CEB252E00140253 /* Resources */,
			);
			buildRules = (
			);
			dependencies = (
				F69511E51CEB252E00140253 /* PBXTargetDependency */,
			);
			name = Cherry_GreetingAppUITests;
			productName = Cherry_GreetingAppUITests;
			productReference = F69511E31CEB252E00140253 /* Cherry_GreetingAppUITests.xctest */;
			productType = "com.apple.product-type.bundle.ui-testing";
		};
/* End PBXNativeTarget section */

/* Begin PBXProject section */
		F69511BC1CEB252E00140253 /* Project object */ = {
			isa = PBXProject;
			attributes = {
				LastSwiftUpdateCheck = 0730;
				LastUpgradeCheck = 0730;
				ORGANIZATIONNAME = "Xianhui Che";
				TargetAttributes = {
					F69511C31CEB252E00140253 = {
						CreatedOnToolsVersion = 7.3;
					};
					F69511D71CEB252E00140253 = {
						CreatedOnToolsVersion = 7.3;
						TestTargetID = F69511C31CEB252E00140253;
					};
					F69511E21CEB252E00140253 = {
						CreatedOnToolsVersion = 7.3;
						TestTargetID = F69511C31CEB252E00140253;
					};
				};
			};
			buildConfigurationList = F69511BF1CEB252E00140253 /* Build configuration list for PBXProject "Cherry_GreetingApp" */;
			compatibilityVersion = "Xcode 3.2";
			developmentRegion = English;
			hasScannedForEncodings = 0;
			knownRegions = (
				en,
				Base,
			);
			mainGroup = F69511BB1CEB252E00140253;
			productRefGroup = F69511C51CEB252E00140253 /* Products */;
			projectDirPath = "";
			projectRoot = "";
			targets = (
				F69511C31CEB252E00140253 /* Cherry_GreetingApp */,
				F69511D71CEB252E00140253 /* Cherry_GreetingAppTests */,
				F69511E21CEB252E00140253 /* Cherry_GreetingAppUITests */,
			);
		};
/* End PBXProject section */

/* Begin PBXResourcesBuildPhase section */
		F69511C21CEB252E00140253 /* Resources */ = {
			isa = PBXResourcesBuildPhase;
			buildActionMask = 2147483647;
			files = (
				F69511D21CEB252E00140253 /* LaunchScreen.storyboard in Resources */,
				F69511CF1CEB252E00140253 /* Assets.xcassets in Resources */,
				F69511CD1CEB252E00140253 /* Main.storyboard in Resources */,
			);
			runOnlyForDeploymentPostprocessing = 0;
		};
		F69511D61CEB252E00140253 /* Resources */ = {
			isa = PBXResourcesBuildPhase;
			buildActionMask = 2147483647;
			files = (
			);
			runOnlyForDeploymentPostprocessing = 0;
		};
		F69511E11CEB252E00140253 /* Resources */ = {
			isa = PBXResourcesBuildPhase;
			buildActionMask = 2147483647;
			files = (
			);
			runOnlyForDeploymentPostprocessing = 0;
		};
/* End PBXResourcesBuildPhase section */

/* Begin PBXSourcesBuildPhase section */
		F69511C01CEB252E00140253 /* Sources */ = {
			isa = PBXSourcesBuildPhase;
			buildActionMask = 2147483647;
			files = (
				F69511CA1CEB252E00140253 /* ViewController.swift in Sources */,
				F69511C81CEB252E00140253 /* AppDelegate.swift in Sources */,
			);
			runOnlyForDeploymentPostprocessing = 0;
		};
		F69511D41CEB252E00140253 /* Sources */ = {
			isa = PBXSourcesBuildPhase;
			buildActionMask = 2147483647;
			files = (
				F69511DD1CEB252E00140253 /* Cherry_GreetingAppTests.swift in Sources */,
			);
			runOnlyForDeploymentPostprocessing = 0;
		};
		F69511DF1CEB252E00140253 /* Sources */ = {
			isa = PBXSourcesBuildPhase;
			buildActionMask = 2147483647;
			files = (
				F69511E81CEB252E00140253 /* Cherry_GreetingAppUITests.swift in Sources */,
			);
			runOnlyForDeploymentPostprocessing = 0;
		};
/* End PBXSourcesBuildPhase section */

/* Begin PBXTargetDependency section */
		F69511DA1CEB252E00140253 /* PBXTargetDependency */ = {
			isa = PBXTargetDependency;
			target = F69511C31CEB252E00140253 /* Cherry_GreetingApp */;
			targetProxy = F69511D91CEB252E00140253 /* PBXContainerItemProxy */;
		};
		F69511E51CEB252E00140253 /* PBXTargetDependency */ = {
			isa = PBXTargetDependency;
			target = F69511C31CEB252E00140253 /* Cherry_GreetingApp */;
			targetProxy = F69511E41CEB252E00140253 /* PBXContainerItemProxy */;
		};
/* End PBXTargetDependency section */

/* Begin PBXVariantGroup section */
		F69511CB1CEB252E00140253 /* Main.storyboard */ = {
			isa = PBXVariantGroup;
			children = (
				F69511CC1CEB252E00140253 /* Base */,
			);
			name = Main.storyboard;
			sourceTree = "<group>";
		};
		F69511D01CEB252E00140253 /* LaunchScreen.storyboard */ = {
			isa = PBXVariantGroup;
			children = (
				F69511D11CEB252E00140253 /* Base */,
			);
			name = LaunchScreen.storyboard;
			sourceTree = "<group>";
		};
/* End PBXVariantGroup section */

/* Begin XCBuildConfiguration section */
		F69511EA1CEB252E00140253 /* Debug */ = {
			isa = XCBuildConfiguration;
			buildSettings = {
				ALWAYS_SEARCH_USER_PATHS = NO;
				CLANG_ANALYZER_NONNULL = YES;
				CLANG_CXX_LANGUAGE_STANDARD = "gnu++0x";
				CLANG_CXX_LIBRARY = "libc++";
				CLANG_ENABLE_MODULES = YES;
				CLANG_ENABLE_OBJC_ARC = YES;
				CLANG_WARN_BOOL_CONVERSION = YES;
				CLANG_WARN_CONSTANT_CONVERSION = YES;
				CLANG_WARN_DIRECT_OBJC_ISA_USAGE = YES_ERROR;
				CLANG_WARN_EMPTY_BODY = YES;
				CLANG_WARN_ENUM_CONVERSION = YES;
				CLANG_WARN_INT_CONVERSION = YES;
				CLANG_WARN_OBJC_ROOT_CLASS = YES_ERROR;
				CLANG_WARN_UNREACHABLE_CODE = YES;
				CLANG_WARN__DUPLICATE_METHOD_MATCH = YES;
				"CODE_SIGN_IDENTITY[sdk=iphoneos*]" = "iPhone Developer";
				COPY_PHASE_STRIP = NO;
				DEBUG_INFORMATION_FORMAT = dwarf;
				ENABLE_STRICT_OBJC_MSGSEND = YES;
				ENABLE_TESTABILITY = YES;
				GCC_C_LANGUAGE_STANDARD = gnu99;
				GCC_DYNAMIC_NO_PIC = NO;
				GCC_NO_COMMON_BLOCKS = YES;
				GCC_OPTIMIZATION_LEVEL = 0;
				GCC_PREPROCESSOR_DEFINITIONS = (
					"DEBUG=1",
					"$(inherited)",
				);
				GCC_WARN_64_TO_32_BIT_CONVERSION = YES;
				GCC_WARN_ABOUT_RETURN_TYPE = YES_ERROR;
				GCC_WARN_UNDECLARED_SELECTOR = YES;
				GCC_WARN_UNINITIALIZED_AUTOS = YES_AGGRESSIVE;
				GCC_WARN_UNUSED_FUNCTION = YES;
				GCC_WARN_UNUSED_VARIABLE = YES;
				IPHONEOS_DEPLOYMENT_TARGET = 9.3;
				MTL_ENABLE_DEBUG_INFO = YES;
				ONLY_ACTIVE_ARCH = YES;
				SDKROOT = iphoneos;
				SWIFT_OPTIMIZATION_LEVEL = "-Onone";
			};
			name = Debug;
		};
		F69511EB1CEB252E00140253 /* Release */ = {
			isa = XCBuildConfiguration;
			buildSettings = {
				ALWAYS_SEARCH_USER_PATHS = NO;
				CLANG_ANALYZER_NONNULL = YES;
				CLANG_CXX_LANGUAGE_STANDARD = "gnu++0x";
				CLANG_CXX_LIBRARY = "libc++";
				CLANG_ENABLE_MODULES = YES;
				CLANG_ENABLE_OBJC_ARC = YES;
				CLANG_WARN_BOOL_CONVERSION = YES;
				CLANG_WARN_CONSTANT_CONVERSION = YES;
				CLANG_WARN_DIRECT_OBJC_ISA_USAGE = YES_ERROR;
				CLANG_WARN_EMPTY_BODY = YES;
				CLANG_WARN_ENUM_CONVERSION = YES;
				CLANG_WARN_INT_CONVERSION = YES;
				CLANG_WARN_OBJC_ROOT_CLASS = YES_ERROR;
				CLANG_WARN_UNREACHABLE_CODE = YES;
				CLANG_WARN__DUPLICATE_METHOD_MATCH = YES;
				"CODE_SIGN_IDENTITY[sdk=iphoneos*]" = "iPhone Developer";
				COPY_PHASE_STRIP = NO;
				DEBUG_INFORMATION_FORMAT = "dwarf-with-dsym";
				ENABLE_NS_ASSERTIONS = NO;
				ENABLE_STRICT_OBJC_MSGSEND = YES;
				GCC_C_LANGUAGE_STANDARD = gnu99;
				GCC_NO_COMMON_BLOCKS = YES;
				GCC_WARN_64_TO_32_BIT_CONVERSION = YES;
				GCC_WARN_ABOUT_RETURN_TYPE = YES_ERROR;
				GCC_WARN_UNDECLARED_SELECTOR = YES;
				GCC_WARN_UNINITIALIZED_AUTOS = YES_AGGRESSIVE;
				GCC_WARN_UNUSED_FUNCTION = YES;
				GCC_WARN_UNUSED_VARIABLE = YES;
				IPHONEOS_DEPLOYMENT_TARGET = 9.3;
				MTL_ENABLE_DEBUG_INFO = NO;
				SDKROOT = iphoneos;
				VALIDATE_PRODUCT = YES;
			};
			name = Release;
		};
		F69511ED1CEB252E00140253 /* Debug */ = {
			isa = XCBuildConfiguration;
			buildSettings = {
				ASSETCATALOG_COMPILER_APPICON_NAME = AppIcon;
				INFOPLIST_FILE = Cherry_GreetingApp/Info.plist;
				LD_RUNPATH_SEARCH_PATHS = "$(inherited) @executable_path/Frameworks";
				PRODUCT_BUNDLE_IDENTIFIER = "BarradeStudio.Cherry-GreetingApp";
				PRODUCT_NAME = "$(TARGET_NAME)";
			};
			name = Debug;
		};
		F69511EE1CEB252E00140253 /* Release */ = {
			isa = XCBuildConfiguration;
			buildSettings = {
				ASSETCATALOG_COMPILER_APPICON_NAME = AppIcon;
				INFOPLIST_FILE = Cherry_GreetingApp/Info.plist;
				LD_RUNPATH_SEARCH_PATHS = "$(inherited) @executable_path/Frameworks";
				PRODUCT_BUNDLE_IDENTIFIER = "BarradeStudio.Cherry-GreetingApp";
				PRODUCT_NAME = "$(TARGET_NAME)";
			};
			name = Release;
		};
		F69511F01CEB252E00140253 /* Debug */ = {
			isa = XCBuildConfiguration;
			buildSettings = {
				BUNDLE_LOADER = "$(TEST_HOST)";
				INFOPLIST_FILE = Cherry_GreetingAppTests/Info.plist;
				LD_RUNPATH_SEARCH_PATHS = "$(inherited) @executable_path/Frameworks @loader_path/Frameworks";
				PRODUCT_BUNDLE_IDENTIFIER = "BarradeStudio.Cherry-GreetingAppTests";
				PRODUCT_NAME = "$(TARGET_NAME)";
				TEST_HOST = "$(BUILT_PRODUCTS_DIR)/Cherry_GreetingApp.app/Cherry_GreetingApp";
			};
			name = Debug;
		};
		F69511F11CEB252E00140253 /* Release */ = {
			isa = XCBuildConfiguration;
			buildSettings = {
				BUNDLE_LOADER = "$(TEST_HOST)";
				INFOPLIST_FILE = Cherry_GreetingAppTests/Info.plist;
				LD_RUNPATH_SEARCH_PATHS = "$(inherited) @executable_path/Frameworks @loader_path/Frameworks";
				PRODUCT_BUNDLE_IDENTIFIER = "BarradeStudio.Cherry-GreetingAppTests";
				PRODUCT_NAME = "$(TARGET_NAME)";
				TEST_HOST = "$(BUILT_PRODUCTS_DIR)/Cherry_GreetingApp.app/Cherry_GreetingApp";
			};
			name = Release;
		};
		F69511F31CEB252E00140253 /* Debug */ = {
			isa = XCBuildConfiguration;
			buildSettings = {
				INFOPLIST_FILE = Cherry_GreetingAppUITests/Info.plist;
				LD_RUNPATH_SEARCH_PATHS = "$(inherited) @executable_path/Frameworks @loader_path/Frameworks";
				PRODUCT_BUNDLE_IDENTIFIER = "BarradeStudio.Cherry-GreetingAppUITests";
				PRODUCT_NAME = "$(TARGET_NAME)";
				TEST_TARGET_NAME = Cherry_GreetingApp;
			};
			name = Debug;
		};
		F69511F41CEB252E00140253 /* Release */ = {
			isa = XCBuildConfiguration;
			buildSettings = {
				INFOPLIST_FILE = Cherry_GreetingAppUITests/Info.plist;
				LD_RUNPATH_SEARCH_PATHS = "$(inherited) @executable_path/Frameworks @loader_path/Frameworks";
				PRODUCT_BUNDLE_IDENTIFIER = "BarradeStudio.Cherry-GreetingAppUITests";
				PRODUCT_NAME = "$(TARGET_NAME)";
				TEST_TARGET_NAME = Cherry_GreetingApp;
			};
			name = Release;
		};
/* End XCBuildConfiguration section */

/* Begin XCConfigurationList section */
		F69511BF1CEB252E00140253 /* Build configuration list for PBXProject "Cherry_GreetingApp" */ = {
			isa = XCConfigurationList;
			buildConfigurations = (
				F69511EA1CEB252E00140253 /* Debug */,
				F69511EB1CEB252E00140253 /* Release */,
			);
			defaultConfigurationIsVisible = 0;
			defaultConfigurationName = Release;
		};
		F69511EC1CEB252E00140253 /* Build configuration list for PBXNativeTarget "Cherry_GreetingApp" */ = {
			isa = XCConfigurationList;
			buildConfigurations = (
				F69511ED1CEB252E00140253 /* Debug */,
				F69511EE1CEB252E00140253 /* Release */,
			);
			defaultConfigurationIsVisible = 0;
			defaultConfigurationName = Release;
		};
		F69511EF1CEB252E00140253 /* Build configuration list for PBXNativeTarget "Cherry_GreetingAppTests" */ = {
			isa = XCConfigurationList;
			buildConfigurations = (
				F69511F01CEB252E00140253 /* Debug */,
				F69511F11CEB252E00140253 /* Release */,
			);
			defaultConfigurationIsVisible = 0;
			defaultConfigurationName = Release;
		};
		F69511F21CEB252E00140253 /* Build configuration list for PBXNativeTarget "Cherry_GreetingAppUITests" */ = {
			isa = XCConfigurationList;
			buildConfigurations = (
				F69511F31CEB252E00140253 /* Debug */,
				F69511F41CEB252E00140253 /* Release */,
			);
			defaultConfigurationIsVisible = 0;
			defaultConfigurationName = Release;
		};
/* End XCConfigurationList section */
	};
	rootObject = F69511BC1CEB252E00140253 /* Project object */;
}
